// !$*UTF8*$!
{
	archiveVersion = 1;
	classes = {
	};
	objectVersion = 56;
	objects = {

/* Begin PBXBuildFile section */
		901A719329762388006CAE18 /* MapViewState.swift in Sources */ = {isa = PBXBuildFile; fileRef = 901A719229762388006CAE18 /* MapViewState.swift */; };
		9022C554296FBD4800510F76 /* robodriveApp.swift in Sources */ = {isa = PBXBuildFile; fileRef = 9022C553296FBD4800510F76 /* robodriveApp.swift */; };
		9022C558296FBD4900510F76 /* Assets.xcassets in Resources */ = {isa = PBXBuildFile; fileRef = 9022C557296FBD4900510F76 /* Assets.xcassets */; };
		9022C55B296FBD4900510F76 /* Preview Assets.xcassets in Resources */ = {isa = PBXBuildFile; fileRef = 9022C55A296FBD4900510F76 /* Preview Assets.xcassets */; };
		9022C569296FBF2900510F76 /* HomeView.swift in Sources */ = {isa = PBXBuildFile; fileRef = 9022C568296FBF2900510F76 /* HomeView.swift */; };
		9022C56B296FC04200510F76 /* RobodriveMapViewRepresentable.swift in Sources */ = {isa = PBXBuildFile; fileRef = 9022C56A296FC04200510F76 /* RobodriveMapViewRepresentable.swift */; };
		904426022970D66B0083709E /* LocationManager.swift in Sources */ = {isa = PBXBuildFile; fileRef = 904426012970D66B0083709E /* LocationManager.swift */; };
		904785162978C82300970ECD /* RideType.swift in Sources */ = {isa = PBXBuildFile; fileRef = 904785152978C82300970ECD /* RideType.swift */; };
		90BAB8112977A47600E4F6F5 /* RideRequestView.swift in Sources */ = {isa = PBXBuildFile; fileRef = 90BAB8102977A47600E4F6F5 /* RideRequestView.swift */; };
		90BB75E3297242EA00B75A01 /* LocationSearchActivationView.swift in Sources */ = {isa = PBXBuildFile; fileRef = 90BB75E2297242EA00B75A01 /* LocationSearchActivationView.swift */; };
		90BB75E52972491000B75A01 /* MapViewActionButton.swift in Sources */ = {isa = PBXBuildFile; fileRef = 90BB75E42972491000B75A01 /* MapViewActionButton.swift */; };
		90BB75E729724B0A00B75A01 /* LocationSearchView.swift in Sources */ = {isa = PBXBuildFile; fileRef = 90BB75E629724B0A00B75A01 /* LocationSearchView.swift */; };
		90BB75E92972500E00B75A01 /* LocationSearchResultCell.swift in Sources */ = {isa = PBXBuildFile; fileRef = 90BB75E82972500E00B75A01 /* LocationSearchResultCell.swift */; };
		90BB75EB29725FFB00B75A01 /* LocationSearchViewModel.swift in Sources */ = {isa = PBXBuildFile; fileRef = 90BB75EA29725FFB00B75A01 /* LocationSearchViewModel.swift */; };
/* End PBXBuildFile section */

/* Begin PBXFileReference section */
		901A719229762388006CAE18 /* MapViewState.swift */ = {isa = PBXFileReference; lastKnownFileType = sourcecode.swift; path = MapViewState.swift; sourceTree = "<group>"; };
		9022C550296FBD4800510F76 /* robodrive.app */ = {isa = PBXFileReference; explicitFileType = wrapper.application; includeInIndex = 0; path = robodrive.app; sourceTree = BUILT_PRODUCTS_DIR; };
		9022C553296FBD4800510F76 /* robodriveApp.swift */ = {isa = PBXFileReference; lastKnownFileType = sourcecode.swift; path = robodriveApp.swift; sourceTree = "<group>"; };
		9022C557296FBD4900510F76 /* Assets.xcassets */ = {isa = PBXFileReference; lastKnownFileType = folder.assetcatalog; path = Assets.xcassets; sourceTree = "<group>"; };
		9022C55A296FBD4900510F76 /* Preview Assets.xcassets */ = {isa = PBXFileReference; lastKnownFileType = folder.assetcatalog; path = "Preview Assets.xcassets"; sourceTree = "<group>"; };
		9022C568296FBF2900510F76 /* HomeView.swift */ = {isa = PBXFileReference; lastKnownFileType = sourcecode.swift; path = HomeView.swift; sourceTree = "<group>"; };
		9022C56A296FC04200510F76 /* RobodriveMapViewRepresentable.swift */ = {isa = PBXFileReference; lastKnownFileType = sourcecode.swift; path = RobodriveMapViewRepresentable.swift; sourceTree = "<group>"; };
		9022C56C296FC80600510F76 /* Youtube.md */ = {isa = PBXFileReference; lastKnownFileType = net.daringfireball.markdown; path = Youtube.md; sourceTree = "<group>"; };
		904426012970D66B0083709E /* LocationManager.swift */ = {isa = PBXFileReference; lastKnownFileType = sourcecode.swift; path = LocationManager.swift; sourceTree = "<group>"; };
		904785152978C82300970ECD /* RideType.swift */ = {isa = PBXFileReference; lastKnownFileType = sourcecode.swift; path = RideType.swift; sourceTree = "<group>"; };
		90BAB8102977A47600E4F6F5 /* RideRequestView.swift */ = {isa = PBXFileReference; lastKnownFileType = sourcecode.swift; path = RideRequestView.swift; sourceTree = "<group>"; };
		90BB75E2297242EA00B75A01 /* LocationSearchActivationView.swift */ = {isa = PBXFileReference; lastKnownFileType = sourcecode.swift; path = LocationSearchActivationView.swift; sourceTree = "<group>"; };
		90BB75E42972491000B75A01 /* MapViewActionButton.swift */ = {isa = PBXFileReference; lastKnownFileType = sourcecode.swift; path = MapViewActionButton.swift; sourceTree = "<group>"; };
		90BB75E629724B0A00B75A01 /* LocationSearchView.swift */ = {isa = PBXFileReference; lastKnownFileType = sourcecode.swift; path = LocationSearchView.swift; sourceTree = "<group>"; };
		90BB75E82972500E00B75A01 /* LocationSearchResultCell.swift */ = {isa = PBXFileReference; lastKnownFileType = sourcecode.swift; path = LocationSearchResultCell.swift; sourceTree = "<group>"; };
		90BB75EA29725FFB00B75A01 /* LocationSearchViewModel.swift */ = {isa = PBXFileReference; lastKnownFileType = sourcecode.swift; path = LocationSearchViewModel.swift; sourceTree = "<group>"; };
/* End PBXFileReference section */

/* Begin PBXFrameworksBuildPhase section */
		9022C54D296FBD4800510F76 /* Frameworks */ = {
			isa = PBXFrameworksBuildPhase;
			buildActionMask = 2147483647;
			files = (
			);
			runOnlyForDeploymentPostprocessing = 0;
		};
/* End PBXFrameworksBuildPhase section */

/* Begin PBXGroup section */
		9022C547296FBD4800510F76 = {
			isa = PBXGroup;
			children = (
				9022C552296FBD4800510F76 /* robodrive */,
				9022C551296FBD4800510F76 /* Products */,
			);
			sourceTree = "<group>";
		};
		9022C551296FBD4800510F76 /* Products */ = {
			isa = PBXGroup;
			children = (
				9022C550296FBD4800510F76 /* robodrive.app */,
			);
			name = Products;
			sourceTree = "<group>";
		};
		9022C552296FBD4800510F76 /* robodrive */ = {
			isa = PBXGroup;
			children = (
				9022C565296FBE1400510F76 /* App */,
				9022C564296FBE1100510F76 /* Core */,
				9022C563296FBE0E00510F76 /* Extensions */,
				9022C562296FBE0B00510F76 /* Managers */,
				9022C561296FBDFE00510F76 /* Models */,
				9022C557296FBD4900510F76 /* Assets.xcassets */,
				9022C559296FBD4900510F76 /* Preview Content */,
				9022C56C296FC80600510F76 /* Youtube.md */,
			);
			path = robodrive;
			sourceTree = "<group>";
		};
		9022C559296FBD4900510F76 /* Preview Content */ = {
			isa = PBXGroup;
			children = (
				9022C55A296FBD4900510F76 /* Preview Assets.xcassets */,
			);
			path = "Preview Content";
			sourceTree = "<group>";
		};
		9022C561296FBDFE00510F76 /* Models */ = {
			isa = PBXGroup;
			children = (
				901A719229762388006CAE18 /* MapViewState.swift */,
				904785152978C82300970ECD /* RideType.swift */,
			);
			path = Models;
			sourceTree = "<group>";
		};
		9022C562296FBE0B00510F76 /* Managers */ = {
			isa = PBXGroup;
			children = (
				904426012970D66B0083709E /* LocationManager.swift */,
			);
			path = Managers;
			sourceTree = "<group>";
		};
		9022C563296FBE0E00510F76 /* Extensions */ = {
			isa = PBXGroup;
			children = (
			);
			path = Extensions;
			sourceTree = "<group>";
		};
		9022C564296FBE1100510F76 /* Core */ = {
			isa = PBXGroup;
			children = (
				90BAB80F2977A44C00E4F6F5 /* Trips */,
				90BB75DF2972423000B75A01 /* LocationSearch */,
				90BB75DE2972420800B75A01 /* Home */,
			);
			path = Core;
			sourceTree = "<group>";
		};
		9022C565296FBE1400510F76 /* App */ = {
			isa = PBXGroup;
			children = (
				9022C553296FBD4800510F76 /* robodriveApp.swift */,
			);
			path = App;
			sourceTree = "<group>";
		};
		9022C566296FBEBC00510F76 /* Views */ = {
			isa = PBXGroup;
			children = (
				9022C568296FBF2900510F76 /* HomeView.swift */,
				9022C56A296FC04200510F76 /* RobodriveMapViewRepresentable.swift */,
				90BB75E42972491000B75A01 /* MapViewActionButton.swift */,
			);
			path = Views;
			sourceTree = "<group>";
		};
		9022C567296FBEBF00510F76 /* ViewModels */ = {
			isa = PBXGroup;
			children = (
			);
			path = ViewModels;
			sourceTree = "<group>";
		};
		90BAB80F2977A44C00E4F6F5 /* Trips */ = {
			isa = PBXGroup;
			children = (
				90BAB8102977A47600E4F6F5 /* RideRequestView.swift */,
			);
			path = Trips;
			sourceTree = "<group>";
		};
		90BB75DE2972420800B75A01 /* Home */ = {
			isa = PBXGroup;
			children = (
				9022C566296FBEBC00510F76 /* Views */,
				9022C567296FBEBF00510F76 /* ViewModels */,
			);
			path = Home;
			sourceTree = "<group>";
		};
		90BB75DF2972423000B75A01 /* LocationSearch */ = {
			isa = PBXGroup;
			children = (
				90BB75E12972428400B75A01 /* ViewModel */,
				90BB75E02972427D00B75A01 /* Views */,
			);
			path = LocationSearch;
			sourceTree = "<group>";
		};
		90BB75E02972427D00B75A01 /* Views */ = {
			isa = PBXGroup;
			children = (
				90BB75E2297242EA00B75A01 /* LocationSearchActivationView.swift */,
				90BB75E629724B0A00B75A01 /* LocationSearchView.swift */,
				90BB75E82972500E00B75A01 /* LocationSearchResultCell.swift */,
			);
			path = Views;
			sourceTree = "<group>";
		};
		90BB75E12972428400B75A01 /* ViewModel */ = {
			isa = PBXGroup;
			children = (
				90BB75EA29725FFB00B75A01 /* LocationSearchViewModel.swift */,
			);
			path = ViewModel;
			sourceTree = "<group>";
		};
/* End PBXGroup section */

/* Begin PBXNativeTarget section */
		9022C54F296FBD4800510F76 /* robodrive */ = {
			isa = PBXNativeTarget;
			buildConfigurationList = 9022C55E296FBD4900510F76 /* Build configuration list for PBXNativeTarget "robodrive" */;
			buildPhases = (
				9022C54C296FBD4800510F76 /* Sources */,
				9022C54D296FBD4800510F76 /* Frameworks */,
				9022C54E296FBD4800510F76 /* Resources */,
			);
			buildRules = (
			);
			dependencies = (
			);
			name = robodrive;
			productName = robodrive;
			productReference = 9022C550296FBD4800510F76 /* robodrive.app */;
			productType = "com.apple.product-type.application";
		};
/* End PBXNativeTarget section */

/* Begin PBXProject section */
		9022C548296FBD4800510F76 /* Project object */ = {
			isa = PBXProject;
			attributes = {
				BuildIndependentTargetsInParallel = 1;
				LastSwiftUpdateCheck = 1420;
				LastUpgradeCheck = 1420;
				TargetAttributes = {
					9022C54F296FBD4800510F76 = {
						CreatedOnToolsVersion = 14.2;
					};
				};
			};
			buildConfigurationList = 9022C54B296FBD4800510F76 /* Build configuration list for PBXProject "robodrive" */;
			compatibilityVersion = "Xcode 14.0";
			developmentRegion = en;
			hasScannedForEncodings = 0;
			knownRegions = (
				en,
				Base,
			);
			mainGroup = 9022C547296FBD4800510F76;
			productRefGroup = 9022C551296FBD4800510F76 /* Products */;
			projectDirPath = "";
			projectRoot = "";
			targets = (
				9022C54F296FBD4800510F76 /* robodrive */,
			);
		};
/* End PBXProject section */

/* Begin PBXResourcesBuildPhase section */
		9022C54E296FBD4800510F76 /* Resources */ = {
			isa = PBXResourcesBuildPhase;
			buildActionMask = 2147483647;
			files = (
				9022C55B296FBD4900510F76 /* Preview Assets.xcassets in Resources */,
				9022C558296FBD4900510F76 /* Assets.xcassets in Resources */,
			);
			runOnlyForDeploymentPostprocessing = 0;
		};
/* End PBXResourcesBuildPhase section */

/* Begin PBXSourcesBuildPhase section */
		9022C54C296FBD4800510F76 /* Sources */ = {
			isa = PBXSourcesBuildPhase;
			buildActionMask = 2147483647;
			files = (
				90BB75EB29725FFB00B75A01 /* LocationSearchViewModel.swift in Sources */,
				90BB75E729724B0A00B75A01 /* LocationSearchView.swift in Sources */,
				904426022970D66B0083709E /* LocationManager.swift in Sources */,
				90BAB8112977A47600E4F6F5 /* RideRequestView.swift in Sources */,
				901A719329762388006CAE18 /* MapViewState.swift in Sources */,
				90BB75E52972491000B75A01 /* MapViewActionButton.swift in Sources */,
				9022C554296FBD4800510F76 /* robodriveApp.swift in Sources */,
				9022C569296FBF2900510F76 /* HomeView.swift in Sources */,
				9022C56B296FC04200510F76 /* RobodriveMapViewRepresentable.swift in Sources */,
				90BB75E3297242EA00B75A01 /* LocationSearchActivationView.swift in Sources */,
				90BB75E92972500E00B75A01 /* LocationSearchResultCell.swift in Sources */,
				904785162978C82300970ECD /* RideType.swift in Sources */,
			);
			runOnlyForDeploymentPostprocessing = 0;
		};
/* End PBXSourcesBuildPhase section */

/* Begin XCBuildConfiguration section */
		9022C55C296FBD4900510F76 /* Debug */ = {
			isa = XCBuildConfiguration;
			buildSettings = {
				ALWAYS_SEARCH_USER_PATHS = NO;
				CLANG_ANALYZER_NONNULL = YES;
				CLANG_ANALYZER_NUMBER_OBJECT_CONVERSION = YES_AGGRESSIVE;
				CLANG_CXX_LANGUAGE_STANDARD = "gnu++20";
				CLANG_ENABLE_MODULES = YES;
				CLANG_ENABLE_OBJC_ARC = YES;
				CLANG_ENABLE_OBJC_WEAK = YES;
				CLANG_WARN_BLOCK_CAPTURE_AUTORELEASING = YES;
				CLANG_WARN_BOOL_CONVERSION = YES;
				CLANG_WARN_COMMA = YES;
				CLANG_WARN_CONSTANT_CONVERSION = YES;
				CLANG_WARN_DEPRECATED_OBJC_IMPLEMENTATIONS = YES;
				CLANG_WARN_DIRECT_OBJC_ISA_USAGE = YES_ERROR;
				CLANG_WARN_DOCUMENTATION_COMMENTS = YES;
				CLANG_WARN_EMPTY_BODY = YES;
				CLANG_WARN_ENUM_CONVERSION = YES;
				CLANG_WARN_INFINITE_RECURSION = YES;
				CLANG_WARN_INT_CONVERSION = YES;
				CLANG_WARN_NON_LITERAL_NULL_CONVERSION = YES;
				CLANG_WARN_OBJC_IMPLICIT_RETAIN_SELF = YES;
				CLANG_WARN_OBJC_LITERAL_CONVERSION = YES;
				CLANG_WARN_OBJC_ROOT_CLASS = YES_ERROR;
				CLANG_WARN_QUOTED_INCLUDE_IN_FRAMEWORK_HEADER = YES;
				CLANG_WARN_RANGE_LOOP_ANALYSIS = YES;
				CLANG_WARN_STRICT_PROTOTYPES = YES;
				CLANG_WARN_SUSPICIOUS_MOVE = YES;
				CLANG_WARN_UNGUARDED_AVAILABILITY = YES_AGGRESSIVE;
				CLANG_WARN_UNREACHABLE_CODE = YES;
				CLANG_WARN__DUPLICATE_METHOD_MATCH = YES;
				COPY_PHASE_STRIP = NO;
				DEBUG_INFORMATION_FORMAT = dwarf;
				ENABLE_STRICT_OBJC_MSGSEND = YES;
				ENABLE_TESTABILITY = YES;
				GCC_C_LANGUAGE_STANDARD = gnu11;
				GCC_DYNAMIC_NO_PIC = NO;
				GCC_NO_COMMON_BLOCKS = YES;
				GCC_OPTIMIZATION_LEVEL = 0;
				GCC_PREPROCESSOR_DEFINITIONS = (
					"DEBUG=1",
					"$(inherited)",
				);
				GCC_WARN_64_TO_32_BIT_CONVERSION = YES;
				GCC_WARN_ABOUT_RETURN_TYPE = YES_ERROR;
				GCC_WARN_UNDECLARED_SELECTOR = YES;
				GCC_WARN_UNINITIALIZED_AUTOS = YES_AGGRESSIVE;
				GCC_WARN_UNUSED_FUNCTION = YES;
				GCC_WARN_UNUSED_VARIABLE = YES;
				IPHONEOS_DEPLOYMENT_TARGET = 16.2;
				MTL_ENABLE_DEBUG_INFO = INCLUDE_SOURCE;
				MTL_FAST_MATH = YES;
				ONLY_ACTIVE_ARCH = YES;
				SDKROOT = iphoneos;
				SWIFT_ACTIVE_COMPILATION_CONDITIONS = DEBUG;
				SWIFT_OPTIMIZATION_LEVEL = "-Onone";
			};
			name = Debug;
		};
		9022C55D296FBD4900510F76 /* Release */ = {
			isa = XCBuildConfiguration;
			buildSettings = {
				ALWAYS_SEARCH_USER_PATHS = NO;
				CLANG_ANALYZER_NONNULL = YES;
				CLANG_ANALYZER_NUMBER_OBJECT_CONVERSION = YES_AGGRESSIVE;
				CLANG_CXX_LANGUAGE_STANDARD = "gnu++20";
				CLANG_ENABLE_MODULES = YES;
				CLANG_ENABLE_OBJC_ARC = YES;
				CLANG_ENABLE_OBJC_WEAK = YES;
				CLANG_WARN_BLOCK_CAPTURE_AUTORELEASING = YES;
				CLANG_WARN_BOOL_CONVERSION = YES;
				CLANG_WARN_COMMA = YES;
				CLANG_WARN_CONSTANT_CONVERSION = YES;
				CLANG_WARN_DEPRECATED_OBJC_IMPLEMENTATIONS = YES;
				CLANG_WARN_DIRECT_OBJC_ISA_USAGE = YES_ERROR;
				CLANG_WARN_DOCUMENTATION_COMMENTS = YES;
				CLANG_WARN_EMPTY_BODY = YES;
				CLANG_WARN_ENUM_CONVERSION = YES;
				CLANG_WARN_INFINITE_RECURSION = YES;
				CLANG_WARN_INT_CONVERSION = YES;
				CLANG_WARN_NON_LITERAL_NULL_CONVERSION = YES;
				CLANG_WARN_OBJC_IMPLICIT_RETAIN_SELF = YES;
				CLANG_WARN_OBJC_LITERAL_CONVERSION = YES;
				CLANG_WARN_OBJC_ROOT_CLASS = YES_ERROR;
				CLANG_WARN_QUOTED_INCLUDE_IN_FRAMEWORK_HEADER = YES;
				CLANG_WARN_RANGE_LOOP_ANALYSIS = YES;
				CLANG_WARN_STRICT_PROTOTYPES = YES;
				CLANG_WARN_SUSPICIOUS_MOVE = YES;
				CLANG_WARN_UNGUARDED_AVAILABILITY = YES_AGGRESSIVE;
				CLANG_WARN_UNREACHABLE_CODE = YES;
				CLANG_WARN__DUPLICATE_METHOD_MATCH = YES;
				COPY_PHASE_STRIP = NO;
				DEBUG_INFORMATION_FORMAT = "dwarf-with-dsym";
				ENABLE_NS_ASSERTIONS = NO;
				ENABLE_STRICT_OBJC_MSGSEND = YES;
				GCC_C_LANGUAGE_STANDARD = gnu11;
				GCC_NO_COMMON_BLOCKS = YES;
				GCC_WARN_64_TO_32_BIT_CONVERSION = YES;
				GCC_WARN_ABOUT_RETURN_TYPE = YES_ERROR;
				GCC_WARN_UNDECLARED_SELECTOR = YES;
				GCC_WARN_UNINITIALIZED_AUTOS = YES_AGGRESSIVE;
				GCC_WARN_UNUSED_FUNCTION = YES;
				GCC_WARN_UNUSED_VARIABLE = YES;
				IPHONEOS_DEPLOYMENT_TARGET = 16.2;
				MTL_ENABLE_DEBUG_INFO = NO;
				MTL_FAST_MATH = YES;
				SDKROOT = iphoneos;
				SWIFT_COMPILATION_MODE = wholemodule;
				SWIFT_OPTIMIZATION_LEVEL = "-O";
				VALIDATE_PRODUCT = YES;
			};
			name = Release;
		};
		9022C55F296FBD4900510F76 /* Debug */ = {
			isa = XCBuildConfiguration;
			buildSettings = {
				ASSETCATALOG_COMPILER_APPICON_NAME = AppIcon;
				ASSETCATALOG_COMPILER_GLOBAL_ACCENT_COLOR_NAME = AccentColor;
				CODE_SIGN_STYLE = Automatic;
				CURRENT_PROJECT_VERSION = 1;
				DEVELOPMENT_ASSET_PATHS = "\"robodrive/Preview Content\"";
				ENABLE_PREVIEWS = YES;
				GENERATE_INFOPLIST_FILE = YES;
				INFOPLIST_KEY_NSLocationWhenInUseUsageDescription = "Please allow us to get your location to find you a robot drive!";
				INFOPLIST_KEY_UIApplicationSceneManifest_Generation = YES;
				INFOPLIST_KEY_UIApplicationSupportsIndirectInputEvents = YES;
				INFOPLIST_KEY_UILaunchScreen_Generation = YES;
				INFOPLIST_KEY_UISupportedInterfaceOrientations_iPad = "UIInterfaceOrientationPortrait UIInterfaceOrientationPortraitUpsideDown UIInterfaceOrientationLandscapeLeft UIInterfaceOrientationLandscapeRight";
				INFOPLIST_KEY_UISupportedInterfaceOrientations_iPhone = "UIInterfaceOrientationPortrait UIInterfaceOrientationLandscapeLeft UIInterfaceOrientationLandscapeRight";
				IPHONEOS_DEPLOYMENT_TARGET = 16.0;
				LD_RUNPATH_SEARCH_PATHS = (
					"$(inherited)",
					"@executable_path/Frameworks",
				);
				MARKETING_VERSION = 1.0;
				PRODUCT_BUNDLE_IDENTIFIER = skyplanet.robodrive;
				PRODUCT_NAME = "$(TARGET_NAME)";
				SWIFT_EMIT_LOC_STRINGS = YES;
				SWIFT_VERSION = 5.0;
				TARGETED_DEVICE_FAMILY = "1,2";
			};
			name = Debug;
		};
		9022C560296FBD4900510F76 /* Release */ = {
			isa = XCBuildConfiguration;
			buildSettings = {
				ASSETCATALOG_COMPILER_APPICON_NAME = AppIcon;
				ASSETCATALOG_COMPILER_GLOBAL_ACCENT_COLOR_NAME = AccentColor;
				CODE_SIGN_STYLE = Automatic;
				CURRENT_PROJECT_VERSION = 1;
				DEVELOPMENT_ASSET_PATHS = "\"robodrive/Preview Content\"";
				ENABLE_PREVIEWS = YES;
				GENERATE_INFOPLIST_FILE = YES;
				INFOPLIST_KEY_NSLocationWhenInUseUsageDescription = "Please allow us to get your location to find you a robot drive!";
				INFOPLIST_KEY_UIApplicationSceneManifest_Generation = YES;
				INFOPLIST_KEY_UIApplicationSupportsIndirectInputEvents = YES;
				INFOPLIST_KEY_UILaunchScreen_Generation = YES;
				INFOPLIST_KEY_UISupportedInterfaceOrientations_iPad = "UIInterfaceOrientationPortrait UIInterfaceOrientationPortraitUpsideDown UIInterfaceOrientationLandscapeLeft UIInterfaceOrientationLandscapeRight";
				INFOPLIST_KEY_UISupportedInterfaceOrientations_iPhone = "UIInterfaceOrientationPortrait UIInterfaceOrientationLandscapeLeft UIInterfaceOrientationLandscapeRight";
				IPHONEOS_DEPLOYMENT_TARGET = 16.0;
				LD_RUNPATH_SEARCH_PATHS = (
					"$(inherited)",
					"@executable_path/Frameworks",
				);
				MARKETING_VERSION = 1.0;
				PRODUCT_BUNDLE_IDENTIFIER = skyplanet.robodrive;
				PRODUCT_NAME = "$(TARGET_NAME)";
				SWIFT_EMIT_LOC_STRINGS = YES;
				SWIFT_VERSION = 5.0;
				TARGETED_DEVICE_FAMILY = "1,2";
			};
			name = Release;
		};
/* End XCBuildConfiguration section */

/* Begin XCConfigurationList section */
		9022C54B296FBD4800510F76 /* Build configuration list for PBXProject "robodrive" */ = {
			isa = XCConfigurationList;
			buildConfigurations = (
				9022C55C296FBD4900510F76 /* Debug */,
				9022C55D296FBD4900510F76 /* Release */,
			);
			defaultConfigurationIsVisible = 0;
			defaultConfigurationName = Release;
		};
		9022C55E296FBD4900510F76 /* Build configuration list for PBXNativeTarget "robodrive" */ = {
			isa = XCConfigurationList;
			buildConfigurations = (
				9022C55F296FBD4900510F76 /* Debug */,
				9022C560296FBD4900510F76 /* Release */,
			);
			defaultConfigurationIsVisible = 0;
			defaultConfigurationName = Release;
		};
/* End XCConfigurationList section */
	};
	rootObject = 9022C548296FBD4800510F76 /* Project object */;
}
